{
  "originHash" : "00743848cbb91a47eb19084a5d4a354ab430ceab782cdee3f3c57556b13f019f",
  "pins" : [
    {
      "identity" : "keycodes",
      "kind" : "remoteSourceControl",
      "location" : "https://github.com/ChimeHQ/KeyCodes",
      "state" : {
        "revision" : "93ba759d2bfd7b5233294188bc685fd09dce2729",
        "version" : "1.0.3"
      }
    },
    {
      "identity" : "ligature",
      "kind" : "remoteSourceControl",
      "location" : "https://github.com/ChimeHQ/Ligature",
      "state" : {
        "branch" : "main",
        "revision" : "036f19ec8e491dd8c46a7e50df552819e4ed3a00"
      }
    }
  ],
  "version" : 3
}
